<?xml version="1.0" encoding="utf-8"?>
<Project ToolsVersion="4.0" xmlns="http://schemas.microsoft.com/developer/msbuild/2003">
  <ItemGroup>
    <ClCompile Include="Main.cpp" />
    <ClCompile Include="ConvertInToPost.cpp">
      <Filter>Others</Filter>
    </ClCompile>
    <ClCompile Include="ExpTree.cpp">
      <Filter>Tree\ExpTree</Filter>
    </ClCompile>
    <ClCompile Include="Math.cpp">
      <Filter>Math</Filter>
    </ClCompile>
    <ClCompile Include="PersonInfo.cpp">
      <Filter>HashTable</Filter>
    </ClCompile>
    <ClCompile Include="SimpleGraph.cpp">
      <Filter>Graph</Filter>
    </ClCompile>
  </ItemGroup>
  <ItemGroup>
    <ClInclude Include="SimpleStack.h">
      <Filter>Stack</Filter>
    </ClInclude>
    <ClInclude Include="LinkedList.h">
      <Filter>LinkedList</Filter>
    </ClInclude>
    <ClInclude Include="SimpleQueue.h">
      <Filter>Queue</Filter>
    </ClInclude>
    <ClInclude Include="ConvertInToPost.h">
      <Filter>Others</Filter>
    </ClInclude>
    <ClInclude Include="SimpleBTree.h">
      <Filter>Tree</Filter>
    </ClInclude>
    <ClInclude Include="ExpTree.h">
      <Filter>Tree\ExpTree</Filter>
    </ClInclude>
    <ClInclude Include="SimpleHeap.h">
      <Filter>Heap</Filter>
    </ClInclude>
    <ClInclude Include="MergeSort.h">
      <Filter>Sort</Filter>
    </ClInclude>
    <ClInclude Include="QuickSort.h">
      <Filter>Sort</Filter>
    </ClInclude>
    <ClInclude Include="InsertionSort.h">
      <Filter>Sort</Filter>
    </ClInclude>
    <ClInclude Include="SelectionSort.h">
      <Filter>Sort</Filter>
    </ClInclude>
    <ClInclude Include="Math.h">
      <Filter>Math</Filter>
    </ClInclude>
    <ClInclude Include="RadixSort.h">
      <Filter>Sort</Filter>
    </ClInclude>
    <ClInclude Include="Search.h">
      <Filter>Others</Filter>
    </ClInclude>
    <ClInclude Include="AVLTree.h">
      <Filter>Tree</Filter>
    </ClInclude>
    <ClInclude Include="PersonInfo.h">
      <Filter>HashTable</Filter>
    </ClInclude>
    <ClInclude Include="HashTable.h">
      <Filter>HashTable</Filter>
    </ClInclude>
    <ClInclude Include="SimpleGraph.h">
      <Filter>Graph</Filter>
    </ClInclude>
  </ItemGroup>
  <ItemGroup>
    <Filter Include="Stack">
      <UniqueIdentifier>{333479e8-288e-4a5c-827f-3aa0238d6335}</UniqueIdentifier>
    </Filter>
    <Filter Include="LinkedList">
      <UniqueIdentifier>{26d682fd-4878-4e45-ae52-cb88dba01193}</UniqueIdentifier>
    </Filter>
    <Filter Include="Queue">
      <UniqueIdentifier>{7da9461d-5934-4028-8c2f-4e603bbfa5ee}</UniqueIdentifier>
    </Filter>
    <Filter Include="Tree">
      <UniqueIdentifier>{042bf6eb-f1ba-4d25-a3be-abe58cf793b0}</UniqueIdentifier>
    </Filter>
    <Filter Include="Tree\ExpTree">
      <UniqueIdentifier>{f1d769b6-abb1-482a-b5c3-c3cb831fd799}</UniqueIdentifier>
    </Filter>
    <Filter Include="Others">
      <UniqueIdentifier>{69d0027c-8e4e-485c-8a75-8edbd9ce62f5}</UniqueIdentifier>
    </Filter>
    <Filter Include="Heap">
      <UniqueIdentifier>{8555b033-1c21-4d45-87a1-66e208f7c51f}</UniqueIdentifier>
    </Filter>
    <Filter Include="Sort">
      <UniqueIdentifier>{29480e69-6833-4a1f-b5cd-c073df0ad629}</UniqueIdentifier>
    </Filter>
    <Filter Include="Math">
      <UniqueIdentifier>{d1de3ede-6ba1-4214-a6aa-964c660ab2a5}</UniqueIdentifier>
    </Filter>
    <Filter Include="HashTable">
      <UniqueIdentifier>{500a2d4a-a73d-498d-a69c-d98453d4f02a}</UniqueIdentifier>
    </Filter>
    <Filter Include="Graph">
      <UniqueIdentifier>{2e69eb08-443d-40ff-8545-b72fdefe3d23}</UniqueIdentifier>
    </Filter>
  </ItemGroup>
</Project>