
Microsoft Visual Studio Solution File, Format Version 12.00
# Visual Studio Version 16
VisualStudioVersion = 16.0.30011.22
MinimumVisualStudioVersion = 10.0.40219.1
Project("{FAE04EC0-301F-11D3-BF4B-00C04F79EFBC}") = "ProudMyClient", "ProudMyClient\ProudMyClient.csproj", "{CDBCE431-EDD1-4A87-A634-610738394713}"
EndProject
Global
	GlobalSection(SolutionConfigurationPlatforms) = preSolution
		Debug|Any CPU = Debug|Any CPU
		Release|Any CPU = Release|Any CPU
	EndGlobalSection
	GlobalSection(ProjectConfigurationPlatforms) = postSolution
		{CDBCE431-EDD1-4A87-A634-610738394713}.Debug|Any CPU.ActiveCfg = Debug|Any CPU
		{CDBCE431-EDD1-4A87-A634-610738394713}.Debug|Any CPU.Build.0 = Debug|Any CPU
		{CDBCE431-EDD1-4A87-A634-610738394713}.Release|Any CPU.ActiveCfg = Release|Any CPU
		{CDBCE431-EDD1-4A87-A634-610738394713}.Release|Any CPU.Build.0 = Release|Any CPU
	EndGlobalSection
	GlobalSection(SolutionProperties) = preSolution
		HideSolutionNode = FALSE
	EndGlobalSection
	GlobalSection(ExtensibilityGlobals) = postSolution
		SolutionGuid = {2B54099A-CB5F-465D-AB70-A7FAE3969801}
	EndGlobalSection
EndGlobal
