<?xml version="1.0" encoding="utf-8"?>
<Project ToolsVersion="4.0" xmlns="http://schemas.microsoft.com/developer/msbuild/2003">
  <ItemGroup>
    <ClCompile Include="GLManager.cpp">
      <Filter>OpenGL</Filter>
    </ClCompile>
    <ClCompile Include="GameManager.cpp" />
    <ClCompile Include="Player.cpp" />
    <ClCompile Include="Map.cpp" />
    <ClCompile Include="Sokoban.cpp" />
  </ItemGroup>
  <ItemGroup>
    <Filter Include="OpenGL">
      <UniqueIdentifier>{242917d9-de84-4cca-9f4e-34d35064bfa0}</UniqueIdentifier>
    </Filter>
  </ItemGroup>
  <ItemGroup>
    <ClInclude Include="GLManager.h">
      <Filter>OpenGL</Filter>
    </ClInclude>
    <ClInclude Include="GameManager.h" />
    <ClInclude Include="Player.h" />
    <ClInclude Include="Map.h" />
  </ItemGroup>
</Project>