<?xml version="1.0" encoding="utf-8"?>
<Project ToolsVersion="4.0" xmlns="http://schemas.microsoft.com/developer/msbuild/2003">
  <ItemGroup>
    <ClCompile Include="Main.cpp" />
    <ClCompile Include="SimpleBTree.cpp" />
    <ClCompile Include="SimpleStack.cpp">
      <Filter>Stack</Filter>
    </ClCompile>
    <ClCompile Include="LinkedList.cpp">
      <Filter>LinkedList</Filter>
    </ClCompile>
  </ItemGroup>
  <ItemGroup>
    <ClInclude Include="SimpleBTree.h" />
    <ClInclude Include="SimpleStack.h">
      <Filter>Stack</Filter>
    </ClInclude>
    <ClInclude Include="LinkedList.h">
      <Filter>LinkedList</Filter>
    </ClInclude>
  </ItemGroup>
  <ItemGroup>
    <Filter Include="Stack">
      <UniqueIdentifier>{333479e8-288e-4a5c-827f-3aa0238d6335}</UniqueIdentifier>
    </Filter>
    <Filter Include="LinkedList">
      <UniqueIdentifier>{26d682fd-4878-4e45-ae52-cb88dba01193}</UniqueIdentifier>
    </Filter>
  </ItemGroup>
</Project>